
Microsoft Visual Studio Solution File, Format Version 12.00
# Visual Studio Version 17
VisualStudioVersion = 17.13.35931.197 d17.13
MinimumVisualStudioVersion = 10.0.40219.1
Project("{FAE04EC0-301F-11D3-BF4B-00C04F79EFBC}") = "CSharp_Programs", "CSharp_Programs\CSharp_Programs.csproj", "{865C4AF8-008C-44E8-BAE9-51F1B00112CE}"
EndProject
Global
	GlobalSection(SolutionConfigurationPlatforms) = preSolution
		Debug|Any CPU = Debug|Any CPU
		Release|Any CPU = Release|Any CPU
	EndGlobalSection
	GlobalSection(ProjectConfigurationPlatforms) = postSolution
		{865C4AF8-008C-44E8-BAE9-51F1B00112CE}.Debug|Any CPU.ActiveCfg = Debug|Any CPU
		{865C4AF8-008C-44E8-BAE9-51F1B00112CE}.Debug|Any CPU.Build.0 = Debug|Any CPU
		{865C4AF8-008C-44E8-BAE9-51F1B00112CE}.Release|Any CPU.ActiveCfg = Release|Any CPU
		{865C4AF8-008C-44E8-BAE9-51F1B00112CE}.Release|Any CPU.Build.0 = Release|Any CPU
	EndGlobalSection
	GlobalSection(SolutionProperties) = preSolution
		HideSolutionNode = FALSE
	EndGlobalSection
	GlobalSection(ExtensibilityGlobals) = postSolution
		SolutionGuid = {52FEBC92-2F10-4EAD-8794-4D0CE57E5A8E}
	EndGlobalSection
EndGlobal
